
Microsoft Visual Studio Solution File, Format Version 12.00
# Visual Studio Version 16
VisualStudioVersion = 16.0.31515.178
MinimumVisualStudioVersion = 10.0.40219.1
Project("{FAE04EC0-301F-11D3-BF4B-00C04F79EFBC}") = "tarea S5 menu de selección", "tarea S5 menu de selección\tarea S5 menu de selección.csproj", "{9AEACD4E-B3C0-4CBF-9517-B309453ABB18}"
EndProject
Global
	GlobalSection(SolutionConfigurationPlatforms) = preSolution
		Debug|Any CPU = Debug|Any CPU
		Release|Any CPU = Release|Any CPU
	EndGlobalSection
	GlobalSection(ProjectConfigurationPlatforms) = postSolution
		{9AEACD4E-B3C0-4CBF-9517-B309453ABB18}.Debug|Any CPU.ActiveCfg = Debug|Any CPU
		{9AEACD4E-B3C0-4CBF-9517-B309453ABB18}.Debug|Any CPU.Build.0 = Debug|Any CPU
		{9AEACD4E-B3C0-4CBF-9517-B309453ABB18}.Release|Any CPU.ActiveCfg = Release|Any CPU
		{9AEACD4E-B3C0-4CBF-9517-B309453ABB18}.Release|Any CPU.Build.0 = Release|Any CPU
	EndGlobalSection
	GlobalSection(SolutionProperties) = preSolution
		HideSolutionNode = FALSE
	EndGlobalSection
	GlobalSection(ExtensibilityGlobals) = postSolution
		SolutionGuid = {B9CC3B90-1923-4D52-94F6-F18B655AAEBC}
	EndGlobalSection
EndGlobal
